Microsoft Visual Studio Solution File, Format Version 12.00
# Visual Studio Version 17
VisualStudioVersion = 17.0.31611.283
MinimumVisualStudioVersion = 10.0.40219.1
Project("{9A19103F-16F7-4668-BE54-9A1E7A4F7556}") = "Northwind.Maui.Blazor.Client", "Northwind.Maui.Blazor.Client\Northwind.Maui.Blazor.Client.csproj", "{0687A058-38B3-4601-BE33-BAA1AC2EA4EB}"
EndProject
Project("{FAE04EC0-301F-11D3-BF4B-00C04F79EFBC}") = "Northwind.Maui.WebApi.Service", "Northwind.Maui.WebApi.Service\Northwind.Maui.WebApi.Service.csproj", "{CC87DE58-B728-4CAA-ADA2-75BD7BB8B14D}"
EndProject
Global
	GlobalSection(SolutionConfigurationPlatforms) = preSolution
		Debug|Any CPU = Debug|Any CPU
		Release|Any CPU = Release|Any CPU
	EndGlobalSection
	GlobalSection(ProjectConfigurationPlatforms) = postSolution
		{0687A058-38B3-4601-BE33-BAA1AC2EA4EB}.Debug|Any CPU.ActiveCfg = Debug|Any CPU
		{0687A058-38B3-4601-BE33-BAA1AC2EA4EB}.Debug|Any CPU.Build.0 = Debug|Any CPU
		{0687A058-38B3-4601-BE33-BAA1AC2EA4EB}.Debug|Any CPU.Deploy.0 = Debug|Any CPU
		{0687A058-38B3-4601-BE33-BAA1AC2EA4EB}.Release|Any CPU.ActiveCfg = Release|Any CPU
		{0687A058-38B3-4601-BE33-BAA1AC2EA4EB}.Release|Any CPU.Build.0 = Release|Any CPU
		{0687A058-38B3-4601-BE33-BAA1AC2EA4EB}.Release|Any CPU.Deploy.0 = Release|Any CPU
		{CC87DE58-B728-4CAA-ADA2-75BD7BB8B14D}.Debug|Any CPU.ActiveCfg = Debug|Any CPU
		{CC87DE58-B728-4CAA-ADA2-75BD7BB8B14D}.Debug|Any CPU.Build.0 = Debug|Any CPU
		{CC87DE58-B728-4CAA-ADA2-75BD7BB8B14D}.Release|Any CPU.ActiveCfg = Release|Any CPU
		{CC87DE58-B728-4CAA-ADA2-75BD7BB8B14D}.Release|Any CPU.Build.0 = Release|Any CPU
	EndGlobalSection
	GlobalSection(SolutionProperties) = preSolution
		HideSolutionNode = FALSE
	EndGlobalSection
	GlobalSection(ExtensibilityGlobals) = postSolution
		        SolutionGuid = {61F7FB11-1E47-470C-91E2-47F8143E1572}
		SolutionGuid = {D7588666-04F2-463A-93F0-B2840FC9B936}
	EndGlobalSection
EndGlobal
