
Microsoft Visual Studio Solution File, Format Version 12.00
# Visual Studio Version 17
VisualStudioVersion = 17.2.32210.308
MinimumVisualStudioVersion = 10.0.40219.1
Project("{9A19103F-16F7-4668-BE54-9A1E7A4F7556}") = "CodeAnalyzing", "CodeAnalyzing\CodeAnalyzing.csproj", "{2E477494-6458-437D-8CB7-A1803A64786C}"
EndProject
Global
	GlobalSection(SolutionConfigurationPlatforms) = preSolution
		Debug|Any CPU = Debug|Any CPU
		Release|Any CPU = Release|Any CPU
	EndGlobalSection
	GlobalSection(ProjectConfigurationPlatforms) = postSolution
		{2E477494-6458-437D-8CB7-A1803A64786C}.Debug|Any CPU.ActiveCfg = Debug|Any CPU
		{2E477494-6458-437D-8CB7-A1803A64786C}.Debug|Any CPU.Build.0 = Debug|Any CPU
		{2E477494-6458-437D-8CB7-A1803A64786C}.Release|Any CPU.ActiveCfg = Release|Any CPU
		{2E477494-6458-437D-8CB7-A1803A64786C}.Release|Any CPU.Build.0 = Release|Any CPU
	EndGlobalSection
	GlobalSection(SolutionProperties) = preSolution
		HideSolutionNode = FALSE
	EndGlobalSection
	GlobalSection(ExtensibilityGlobals) = postSolution
		SolutionGuid = {188D9438-CE6A-4BA3-92E6-3220E788EBD1}
	EndGlobalSection
EndGlobal
