
Microsoft Visual Studio Solution File, Format Version 12.00
# Visual Studio Version 17
VisualStudioVersion = 17.2.32422.2
MinimumVisualStudioVersion = 10.0.40219.1
Project("{9A19103F-16F7-4668-BE54-9A1E7A4F7556}") = "Northwind.Common.EntityModels.SqlServer", "Northwind.Common.EntityModels.SqlServer\Northwind.Common.EntityModels.SqlServer.csproj", "{F4D69D41-AB22-471A-8BBE-DD1399501450}"
EndProject
Project("{9A19103F-16F7-4668-BE54-9A1E7A4F7556}") = "Northwind.Common.DataContext.SqlServer", "Northwind.Common.DataContext.SqlServer\Northwind.Common.DataContext.SqlServer.csproj", "{D67BE418-DF94-4DC1-B314-106448A595C0}"
EndProject
Project("{9A19103F-16F7-4668-BE54-9A1E7A4F7556}") = "Northwind.Common.EntityModels.Tests", "Northwind.Common.EntityModels.Tests\Northwind.Common.EntityModels.Tests.csproj", "{0194F89E-D578-4555-8906-C128EDE5DE4F}"
EndProject
Project("{FAE04EC0-301F-11D3-BF4B-00C04F79EFBC}") = "Northwind.Console.SqlClient", "Northwind.Console.SqlClient\Northwind.Console.SqlClient.csproj", "{E171FDBB-1931-4D02-83B1-7F2E25A4D6B0}"
EndProject
Project("{FAE04EC0-301F-11D3-BF4B-00C04F79EFBC}") = "Northwind.Console.EFCore", "Northwind.Console.EFCore\Northwind.Console.EFCore.csproj", "{262D8756-EB6F-4560-A397-3E752B3709BA}"
EndProject
Project("{FAE04EC0-301F-11D3-BF4B-00C04F79EFBC}") = "Northwind.Console.HierarchyMapping", "Northwind.Console.HierarchyMapping\Northwind.Console.HierarchyMapping.csproj", "{98206DA9-CB44-40B4-8A01-8976E1A97886}"
EndProject
Global
	GlobalSection(SolutionConfigurationPlatforms) = preSolution
		Debug|Any CPU = Debug|Any CPU
		Release|Any CPU = Release|Any CPU
	EndGlobalSection
	GlobalSection(ProjectConfigurationPlatforms) = postSolution
		{F4D69D41-AB22-471A-8BBE-DD1399501450}.Debug|Any CPU.ActiveCfg = Debug|Any CPU
		{F4D69D41-AB22-471A-8BBE-DD1399501450}.Debug|Any CPU.Build.0 = Debug|Any CPU
		{F4D69D41-AB22-471A-8BBE-DD1399501450}.Release|Any CPU.ActiveCfg = Release|Any CPU
		{F4D69D41-AB22-471A-8BBE-DD1399501450}.Release|Any CPU.Build.0 = Release|Any CPU
		{D67BE418-DF94-4DC1-B314-106448A595C0}.Debug|Any CPU.ActiveCfg = Debug|Any CPU
		{D67BE418-DF94-4DC1-B314-106448A595C0}.Debug|Any CPU.Build.0 = Debug|Any CPU
		{D67BE418-DF94-4DC1-B314-106448A595C0}.Release|Any CPU.ActiveCfg = Release|Any CPU
		{D67BE418-DF94-4DC1-B314-106448A595C0}.Release|Any CPU.Build.0 = Release|Any CPU
		{0194F89E-D578-4555-8906-C128EDE5DE4F}.Debug|Any CPU.ActiveCfg = Debug|Any CPU
		{0194F89E-D578-4555-8906-C128EDE5DE4F}.Debug|Any CPU.Build.0 = Debug|Any CPU
		{0194F89E-D578-4555-8906-C128EDE5DE4F}.Release|Any CPU.ActiveCfg = Release|Any CPU
		{0194F89E-D578-4555-8906-C128EDE5DE4F}.Release|Any CPU.Build.0 = Release|Any CPU
		{E171FDBB-1931-4D02-83B1-7F2E25A4D6B0}.Debug|Any CPU.ActiveCfg = Debug|Any CPU
		{E171FDBB-1931-4D02-83B1-7F2E25A4D6B0}.Debug|Any CPU.Build.0 = Debug|Any CPU
		{E171FDBB-1931-4D02-83B1-7F2E25A4D6B0}.Release|Any CPU.ActiveCfg = Release|Any CPU
		{E171FDBB-1931-4D02-83B1-7F2E25A4D6B0}.Release|Any CPU.Build.0 = Release|Any CPU
		{262D8756-EB6F-4560-A397-3E752B3709BA}.Debug|Any CPU.ActiveCfg = Debug|Any CPU
		{262D8756-EB6F-4560-A397-3E752B3709BA}.Debug|Any CPU.Build.0 = Debug|Any CPU
		{262D8756-EB6F-4560-A397-3E752B3709BA}.Release|Any CPU.ActiveCfg = Release|Any CPU
		{262D8756-EB6F-4560-A397-3E752B3709BA}.Release|Any CPU.Build.0 = Release|Any CPU
		{98206DA9-CB44-40B4-8A01-8976E1A97886}.Debug|Any CPU.ActiveCfg = Debug|Any CPU
		{98206DA9-CB44-40B4-8A01-8976E1A97886}.Debug|Any CPU.Build.0 = Debug|Any CPU
		{98206DA9-CB44-40B4-8A01-8976E1A97886}.Release|Any CPU.ActiveCfg = Release|Any CPU
		{98206DA9-CB44-40B4-8A01-8976E1A97886}.Release|Any CPU.Build.0 = Release|Any CPU
	EndGlobalSection
	GlobalSection(SolutionProperties) = preSolution
		HideSolutionNode = FALSE
	EndGlobalSection
	GlobalSection(ExtensibilityGlobals) = postSolution
		SolutionGuid = {7DC1254A-C9DF-498E-A816-33A02710D887}
	EndGlobalSection
EndGlobal
