
Microsoft Visual Studio Solution File, Format Version 12.00
# Visual Studio Version 17
VisualStudioVersion = 17.3.32519.111
MinimumVisualStudioVersion = 10.0.40219.1
Project("{9A19103F-16F7-4668-BE54-9A1E7A4F7556}") = "Northwind.AzureFunctions.Service", "Northwind.AzureFunctions.Service\Northwind.AzureFunctions.Service.csproj", "{BE1BF5A3-FF3D-4113-94BA-722B97723C3D}"
EndProject
Project("{FAE04EC0-301F-11D3-BF4B-00C04F79EFBC}") = "NCrontab.Console", "NCrontab.Console\NCrontab.Console.csproj", "{F09C370C-8451-4166-BE0E-9E8C78470E06}"
EndProject
Global
	GlobalSection(SolutionConfigurationPlatforms) = preSolution
		Debug|Any CPU = Debug|Any CPU
		Release|Any CPU = Release|Any CPU
	EndGlobalSection
	GlobalSection(ProjectConfigurationPlatforms) = postSolution
		{BE1BF5A3-FF3D-4113-94BA-722B97723C3D}.Debug|Any CPU.ActiveCfg = Debug|Any CPU
		{BE1BF5A3-FF3D-4113-94BA-722B97723C3D}.Debug|Any CPU.Build.0 = Debug|Any CPU
		{BE1BF5A3-FF3D-4113-94BA-722B97723C3D}.Release|Any CPU.ActiveCfg = Release|Any CPU
		{BE1BF5A3-FF3D-4113-94BA-722B97723C3D}.Release|Any CPU.Build.0 = Release|Any CPU
		{F09C370C-8451-4166-BE0E-9E8C78470E06}.Debug|Any CPU.ActiveCfg = Debug|Any CPU
		{F09C370C-8451-4166-BE0E-9E8C78470E06}.Debug|Any CPU.Build.0 = Debug|Any CPU
		{F09C370C-8451-4166-BE0E-9E8C78470E06}.Release|Any CPU.ActiveCfg = Release|Any CPU
		{F09C370C-8451-4166-BE0E-9E8C78470E06}.Release|Any CPU.Build.0 = Release|Any CPU
	EndGlobalSection
	GlobalSection(SolutionProperties) = preSolution
		HideSolutionNode = FALSE
	EndGlobalSection
	GlobalSection(ExtensibilityGlobals) = postSolution
		SolutionGuid = {70D350A5-E541-4E39-BFC2-EE57EDAB18B5}
	EndGlobalSection
EndGlobal
