
Microsoft Visual Studio Solution File, Format Version 12.00
# Visual Studio Version 17
VisualStudioVersion = 17.0.31611.283
MinimumVisualStudioVersion = 10.0.40219.1
Project("{9A19103F-16F7-4668-BE54-9A1E7A4F7556}") = "Northwind.Maui.Client", "Northwind.Maui.Client\Northwind.Maui.Client.csproj", "{06E7320D-AD09-4BEE-9D9F-F14719813C8D}"
EndProject
Project("{9A19103F-16F7-4668-BE54-9A1E7A4F7556}") = "Northwind.Maui.WebApi.Service", "Northwind.Maui.WebApi.Service\Northwind.Maui.WebApi.Service.csproj", "{F182DE68-2737-43FC-B479-984820175829}"
EndProject
Global
	GlobalSection(SolutionConfigurationPlatforms) = preSolution
		Debug|Any CPU = Debug|Any CPU
		Release|Any CPU = Release|Any CPU
	EndGlobalSection
	GlobalSection(ProjectConfigurationPlatforms) = postSolution
		{06E7320D-AD09-4BEE-9D9F-F14719813C8D}.Debug|Any CPU.ActiveCfg = Debug|Any CPU
		{06E7320D-AD09-4BEE-9D9F-F14719813C8D}.Debug|Any CPU.Build.0 = Debug|Any CPU
		{06E7320D-AD09-4BEE-9D9F-F14719813C8D}.Debug|Any CPU.Deploy.0 = Debug|Any CPU
		{06E7320D-AD09-4BEE-9D9F-F14719813C8D}.Release|Any CPU.ActiveCfg = Release|Any CPU
		{06E7320D-AD09-4BEE-9D9F-F14719813C8D}.Release|Any CPU.Build.0 = Release|Any CPU
		{06E7320D-AD09-4BEE-9D9F-F14719813C8D}.Release|Any CPU.Deploy.0 = Release|Any CPU
		{F182DE68-2737-43FC-B479-984820175829}.Debug|Any CPU.ActiveCfg = Debug|Any CPU
		{F182DE68-2737-43FC-B479-984820175829}.Debug|Any CPU.Build.0 = Debug|Any CPU
		{F182DE68-2737-43FC-B479-984820175829}.Release|Any CPU.ActiveCfg = Release|Any CPU
		{F182DE68-2737-43FC-B479-984820175829}.Release|Any CPU.Build.0 = Release|Any CPU
	EndGlobalSection
	GlobalSection(SolutionProperties) = preSolution
		HideSolutionNode = FALSE
	EndGlobalSection
	GlobalSection(ExtensibilityGlobals) = postSolution
		SolutionGuid = {61F7FB11-1E47-470C-91E2-47F8143E1572}
	EndGlobalSection
EndGlobal
