
Microsoft Visual Studio Solution File, Format Version 12.00
# Visual Studio Version 17
VisualStudioVersion = 17.3.32505.426
MinimumVisualStudioVersion = 10.0.40219.1
Project("{9A19103F-16F7-4668-BE54-9A1E7A4F7556}") = "Northwind.GraphQL", "Northwind.GraphQL\Northwind.GraphQL.csproj", "{466A8929-78B0-41A9-96CD-47AC4CB5FBA5}"
EndProject
Project("{9A19103F-16F7-4668-BE54-9A1E7A4F7556}") = "Northwind.Mvc.GraphQLClient", "Northwind.Mvc.GraphQLClient\Northwind.Mvc.GraphQLClient.csproj", "{71428BD2-8828-4130-B7E2-7E6653774466}"
EndProject
Project("{FAE04EC0-301F-11D3-BF4B-00C04F79EFBC}") = "Northwind.GraphQL.Client.Console", "Northwind.GraphQL.Client.Console\Northwind.GraphQL.Client.Console.csproj", "{748FCCEB-BBAC-4718-AB96-3A5D9AD0E501}"
EndProject
Global
	GlobalSection(SolutionConfigurationPlatforms) = preSolution
		Debug|Any CPU = Debug|Any CPU
		Release|Any CPU = Release|Any CPU
	EndGlobalSection
	GlobalSection(ProjectConfigurationPlatforms) = postSolution
		{466A8929-78B0-41A9-96CD-47AC4CB5FBA5}.Debug|Any CPU.ActiveCfg = Debug|Any CPU
		{466A8929-78B0-41A9-96CD-47AC4CB5FBA5}.Debug|Any CPU.Build.0 = Debug|Any CPU
		{466A8929-78B0-41A9-96CD-47AC4CB5FBA5}.Release|Any CPU.ActiveCfg = Release|Any CPU
		{466A8929-78B0-41A9-96CD-47AC4CB5FBA5}.Release|Any CPU.Build.0 = Release|Any CPU
		{71428BD2-8828-4130-B7E2-7E6653774466}.Debug|Any CPU.ActiveCfg = Debug|Any CPU
		{71428BD2-8828-4130-B7E2-7E6653774466}.Debug|Any CPU.Build.0 = Debug|Any CPU
		{71428BD2-8828-4130-B7E2-7E6653774466}.Release|Any CPU.ActiveCfg = Release|Any CPU
		{71428BD2-8828-4130-B7E2-7E6653774466}.Release|Any CPU.Build.0 = Release|Any CPU
		{748FCCEB-BBAC-4718-AB96-3A5D9AD0E501}.Debug|Any CPU.ActiveCfg = Debug|Any CPU
		{748FCCEB-BBAC-4718-AB96-3A5D9AD0E501}.Debug|Any CPU.Build.0 = Debug|Any CPU
		{748FCCEB-BBAC-4718-AB96-3A5D9AD0E501}.Release|Any CPU.ActiveCfg = Release|Any CPU
		{748FCCEB-BBAC-4718-AB96-3A5D9AD0E501}.Release|Any CPU.Build.0 = Release|Any CPU
	EndGlobalSection
	GlobalSection(SolutionProperties) = preSolution
		HideSolutionNode = FALSE
	EndGlobalSection
	GlobalSection(ExtensibilityGlobals) = postSolution
		SolutionGuid = {AF9BCAC1-5F4F-40B0-A35C-8BA72C052983}
	EndGlobalSection
EndGlobal
